
Microsoft Visual Studio Solution File, Format Version 12.00
# Visual Studio Version 17
VisualStudioVersion = 17.7.34024.191
MinimumVisualStudioVersion = 10.0.40219.1
Project("{8BC9CEB8-8B4A-11D0-8D11-00A0C91BC942}") = "Lab12.12(2)", "Lab12.12(2)\Lab12.12(2).vcxproj", "{E8FFAD6C-6211-428D-9C9E-5C0FEB4F87C4}"
EndProject
Project("{8BC9CEB8-8B4A-11D0-8D11-00A0C91BC942}") = "UnitTest1", "UnitTest1\UnitTest1.vcxproj", "{F3DBDFC3-D64D-48D2-8E00-D7FFC61FE09B}"
EndProject
Global
	GlobalSection(SolutionConfigurationPlatforms) = preSolution
		Debug|x64 = Debug|x64
		Debug|x86 = Debug|x86
		Release|x64 = Release|x64
		Release|x86 = Release|x86
	EndGlobalSection
	GlobalSection(ProjectConfigurationPlatforms) = postSolution
		{E8FFAD6C-6211-428D-9C9E-5C0FEB4F87C4}.Debug|x64.ActiveCfg = Debug|x64
		{E8FFAD6C-6211-428D-9C9E-5C0FEB4F87C4}.Debug|x64.Build.0 = Debug|x64
		{E8FFAD6C-6211-428D-9C9E-5C0FEB4F87C4}.Debug|x86.ActiveCfg = Debug|Win32
		{E8FFAD6C-6211-428D-9C9E-5C0FEB4F87C4}.Debug|x86.Build.0 = Debug|Win32
		{E8FFAD6C-6211-428D-9C9E-5C0FEB4F87C4}.Release|x64.ActiveCfg = Release|x64
		{E8FFAD6C-6211-428D-9C9E-5C0FEB4F87C4}.Release|x64.Build.0 = Release|x64
		{E8FFAD6C-6211-428D-9C9E-5C0FEB4F87C4}.Release|x86.ActiveCfg = Release|Win32
		{E8FFAD6C-6211-428D-9C9E-5C0FEB4F87C4}.Release|x86.Build.0 = Release|Win32
		{F3DBDFC3-D64D-48D2-8E00-D7FFC61FE09B}.Debug|x64.ActiveCfg = Debug|x64
		{F3DBDFC3-D64D-48D2-8E00-D7FFC61FE09B}.Debug|x64.Build.0 = Debug|x64
		{F3DBDFC3-D64D-48D2-8E00-D7FFC61FE09B}.Debug|x86.ActiveCfg = Debug|Win32
		{F3DBDFC3-D64D-48D2-8E00-D7FFC61FE09B}.Debug|x86.Build.0 = Debug|Win32
		{F3DBDFC3-D64D-48D2-8E00-D7FFC61FE09B}.Release|x64.ActiveCfg = Release|x64
		{F3DBDFC3-D64D-48D2-8E00-D7FFC61FE09B}.Release|x64.Build.0 = Release|x64
		{F3DBDFC3-D64D-48D2-8E00-D7FFC61FE09B}.Release|x86.ActiveCfg = Release|Win32
		{F3DBDFC3-D64D-48D2-8E00-D7FFC61FE09B}.Release|x86.Build.0 = Release|Win32
	EndGlobalSection
	GlobalSection(SolutionProperties) = preSolution
		HideSolutionNode = FALSE
	EndGlobalSection
	GlobalSection(ExtensibilityGlobals) = postSolution
		SolutionGuid = {AAF4B4AC-C188-4C0A-A332-292142B33E08}
	EndGlobalSection
EndGlobal
